
Microsoft Visual Studio Solution File, Format Version 12.00
# Visual Studio Version 17
VisualStudioVersion = 17.4.33213.308
MinimumVisualStudioVersion = 10.0.40219.1
Project("{FAE04EC0-301F-11D3-BF4B-00C04F79EFBC}") = "uchPractical3", "uchPractical3\uchPractical3.csproj", "{EBB21415-B3D6-4725-B26F-085AB40E55C0}"
EndProject
Global
	GlobalSection(SolutionConfigurationPlatforms) = preSolution
		Debug|Any CPU = Debug|Any CPU
		Release|Any CPU = Release|Any CPU
	EndGlobalSection
	GlobalSection(ProjectConfigurationPlatforms) = postSolution
		{EBB21415-B3D6-4725-B26F-085AB40E55C0}.Debug|Any CPU.ActiveCfg = Debug|Any CPU
		{EBB21415-B3D6-4725-B26F-085AB40E55C0}.Debug|Any CPU.Build.0 = Debug|Any CPU
		{EBB21415-B3D6-4725-B26F-085AB40E55C0}.Release|Any CPU.ActiveCfg = Release|Any CPU
		{EBB21415-B3D6-4725-B26F-085AB40E55C0}.Release|Any CPU.Build.0 = Release|Any CPU
	EndGlobalSection
	GlobalSection(SolutionProperties) = preSolution
		HideSolutionNode = FALSE
	EndGlobalSection
	GlobalSection(ExtensibilityGlobals) = postSolution
		SolutionGuid = {94846E83-5D53-40A0-BDF5-C80C8AC9ACEF}
	EndGlobalSection
EndGlobal
