
Microsoft Visual Studio Solution File, Format Version 12.00
# Visual Studio Version 17
VisualStudioVersion = 17.4.33213.308
MinimumVisualStudioVersion = 10.0.40219.1
Project("{FAE04EC0-301F-11D3-BF4B-00C04F79EFBC}") = "uchPratical4", "uchPratical4\uchPratical4.csproj", "{B14167CE-8F5A-431C-91B1-94428FB3D473}"
EndProject
Global
	GlobalSection(SolutionConfigurationPlatforms) = preSolution
		Debug|Any CPU = Debug|Any CPU
		Release|Any CPU = Release|Any CPU
	EndGlobalSection
	GlobalSection(ProjectConfigurationPlatforms) = postSolution
		{B14167CE-8F5A-431C-91B1-94428FB3D473}.Debug|Any CPU.ActiveCfg = Debug|Any CPU
		{B14167CE-8F5A-431C-91B1-94428FB3D473}.Debug|Any CPU.Build.0 = Debug|Any CPU
		{B14167CE-8F5A-431C-91B1-94428FB3D473}.Release|Any CPU.ActiveCfg = Release|Any CPU
		{B14167CE-8F5A-431C-91B1-94428FB3D473}.Release|Any CPU.Build.0 = Release|Any CPU
	EndGlobalSection
	GlobalSection(SolutionProperties) = preSolution
		HideSolutionNode = FALSE
	EndGlobalSection
	GlobalSection(ExtensibilityGlobals) = postSolution
		SolutionGuid = {89160FEA-B730-4F2D-A27D-BCC94A65A6EA}
	EndGlobalSection
EndGlobal
