
Microsoft Visual Studio Solution File, Format Version 12.00
# Visual Studio Version 17
VisualStudioVersion = 17.4.33213.308
MinimumVisualStudioVersion = 10.0.40219.1
Project("{FAE04EC0-301F-11D3-BF4B-00C04F79EFBC}") = "uchPractical3.1", "uchPractical3.1\uchPractical3.1.csproj", "{3968C268-DB6A-424A-84C9-B43C872C1A52}"
EndProject
Global
	GlobalSection(SolutionConfigurationPlatforms) = preSolution
		Debug|Any CPU = Debug|Any CPU
		Release|Any CPU = Release|Any CPU
	EndGlobalSection
	GlobalSection(ProjectConfigurationPlatforms) = postSolution
		{3968C268-DB6A-424A-84C9-B43C872C1A52}.Debug|Any CPU.ActiveCfg = Debug|Any CPU
		{3968C268-DB6A-424A-84C9-B43C872C1A52}.Debug|Any CPU.Build.0 = Debug|Any CPU
		{3968C268-DB6A-424A-84C9-B43C872C1A52}.Release|Any CPU.ActiveCfg = Release|Any CPU
		{3968C268-DB6A-424A-84C9-B43C872C1A52}.Release|Any CPU.Build.0 = Release|Any CPU
	EndGlobalSection
	GlobalSection(SolutionProperties) = preSolution
		HideSolutionNode = FALSE
	EndGlobalSection
	GlobalSection(ExtensibilityGlobals) = postSolution
		SolutionGuid = {F03435CA-5956-4A02-9623-C77C644B16E3}
	EndGlobalSection
EndGlobal
